// !$*UTF8*$!
{
	archiveVersion = 1;
	classes = {
	};
	objectVersion = 46;
	objects = {

/* Begin PBXBuildFile section */
		F268027B15A60CA00068A665 /* CalculatorBrains.m in Sources */ = {isa = PBXBuildFile; fileRef = F268027A15A60CA00068A665 /* CalculatorBrains.m */; };
		F268F5DE1586E62B002DE2C6 /* UIKit.framework in Frameworks */ = {isa = PBXBuildFile; fileRef = F268F5DD1586E62B002DE2C6 /* UIKit.framework */; };
		F268F5E01586E62B002DE2C6 /* Foundation.framework in Frameworks */ = {isa = PBXBuildFile; fileRef = F268F5DF1586E62B002DE2C6 /* Foundation.framework */; };
		F268F5E21586E62B002DE2C6 /* CoreGraphics.framework in Frameworks */ = {isa = PBXBuildFile; fileRef = F268F5E11586E62B002DE2C6 /* CoreGraphics.framework */; };
		F268F5E81586E62B002DE2C6 /* InfoPlist.strings in Resources */ = {isa = PBXBuildFile; fileRef = F268F5E61586E62B002DE2C6 /* InfoPlist.strings */; };
		F268F5EA1586E62B002DE2C6 /* main.m in Sources */ = {isa = PBXBuildFile; fileRef = F268F5E91586E62B002DE2C6 /* main.m */; };
		F268F5EE1586E62B002DE2C6 /* cs193AppDelegate.m in Sources */ = {isa = PBXBuildFile; fileRef = F268F5ED1586E62B002DE2C6 /* cs193AppDelegate.m */; };
		F268F5F11586E62B002DE2C6 /* MainStoryboard.storyboard in Resources */ = {isa = PBXBuildFile; fileRef = F268F5EF1586E62B002DE2C6 /* MainStoryboard.storyboard */; };
		F268F5F41586E62C002DE2C6 /* cs193ViewController.m in Sources */ = {isa = PBXBuildFile; fileRef = F268F5F31586E62C002DE2C6 /* cs193ViewController.m */; };
		F2BFCAA815AF4C0D00A899C3 /* GraphView.m in Sources */ = {isa = PBXBuildFile; fileRef = F2BFCAA715AF4C0D00A899C3 /* GraphView.m */; };
		F2BFCAAC15AF4C6100A899C3 /* GraphViewController.m in Sources */ = {isa = PBXBuildFile; fileRef = F2BFCAAB15AF4C6100A899C3 /* GraphViewController.m */; };
/* End PBXBuildFile section */

/* Begin PBXFileReference section */
		F268027915A60CA00068A665 /* CalculatorBrains.h */ = {isa = PBXFileReference; fileEncoding = 4; lastKnownFileType = sourcecode.c.h; name = CalculatorBrains.h; path = CalculatorBrains/CalculatorBrains.h; sourceTree = "<group>"; };
		F268027A15A60CA00068A665 /* CalculatorBrains.m */ = {isa = PBXFileReference; fileEncoding = 4; lastKnownFileType = sourcecode.c.objc; name = CalculatorBrains.m; path = CalculatorBrains/CalculatorBrains.m; sourceTree = "<group>"; };
		F268F5D91586E62B002DE2C6 /* Calculator.app */ = {isa = PBXFileReference; explicitFileType = wrapper.application; includeInIndex = 0; path = Calculator.app; sourceTree = BUILT_PRODUCTS_DIR; };
		F268F5DD1586E62B002DE2C6 /* UIKit.framework */ = {isa = PBXFileReference; lastKnownFileType = wrapper.framework; name = UIKit.framework; path = System/Library/Frameworks/UIKit.framework; sourceTree = SDKROOT; };
		F268F5DF1586E62B002DE2C6 /* Foundation.framework */ = {isa = PBXFileReference; lastKnownFileType = wrapper.framework; name = Foundation.framework; path = System/Library/Frameworks/Foundation.framework; sourceTree = SDKROOT; };
		F268F5E11586E62B002DE2C6 /* CoreGraphics.framework */ = {isa = PBXFileReference; lastKnownFileType = wrapper.framework; name = CoreGraphics.framework; path = System/Library/Frameworks/CoreGraphics.framework; sourceTree = SDKROOT; };
		F268F5E51586E62B002DE2C6 /* Calculator-Info.plist */ = {isa = PBXFileReference; lastKnownFileType = text.plist.xml; path = "Calculator-Info.plist"; sourceTree = "<group>"; };
		F268F5E71586E62B002DE2C6 /* en */ = {isa = PBXFileReference; lastKnownFileType = text.plist.strings; name = en; path = en.lproj/InfoPlist.strings; sourceTree = "<group>"; };
		F268F5E91586E62B002DE2C6 /* main.m */ = {isa = PBXFileReference; lastKnownFileType = sourcecode.c.objc; path = main.m; sourceTree = "<group>"; };
		F268F5EB1586E62B002DE2C6 /* Calculator-Prefix.pch */ = {isa = PBXFileReference; lastKnownFileType = sourcecode.c.h; path = "Calculator-Prefix.pch"; sourceTree = "<group>"; };
		F268F5EC1586E62B002DE2C6 /* cs193AppDelegate.h */ = {isa = PBXFileReference; lastKnownFileType = sourcecode.c.h; path = cs193AppDelegate.h; sourceTree = "<group>"; };
		F268F5ED1586E62B002DE2C6 /* cs193AppDelegate.m */ = {isa = PBXFileReference; lastKnownFileType = sourcecode.c.objc; path = cs193AppDelegate.m; sourceTree = "<group>"; };
		F268F5F01586E62B002DE2C6 /* en */ = {isa = PBXFileReference; lastKnownFileType = file.storyboard; name = en; path = en.lproj/MainStoryboard.storyboard; sourceTree = "<group>"; };
		F268F5F21586E62B002DE2C6 /* cs193ViewController.h */ = {isa = PBXFileReference; lastKnownFileType = sourcecode.c.h; path = cs193ViewController.h; sourceTree = "<group>"; };
		F268F5F31586E62C002DE2C6 /* cs193ViewController.m */ = {isa = PBXFileReference; lastKnownFileType = sourcecode.c.objc; path = cs193ViewController.m; sourceTree = "<group>"; };
		F2BFCAA615AF4C0D00A899C3 /* GraphView.h */ = {isa = PBXFileReference; fileEncoding = 4; lastKnownFileType = sourcecode.c.h; name = GraphView.h; path = GraphView/GraphView.h; sourceTree = SOURCE_ROOT; };
		F2BFCAA715AF4C0D00A899C3 /* GraphView.m */ = {isa = PBXFileReference; fileEncoding = 4; lastKnownFileType = sourcecode.c.objc; name = GraphView.m; path = GraphView/GraphView.m; sourceTree = SOURCE_ROOT; };
		F2BFCAAA15AF4C6100A899C3 /* GraphViewController.h */ = {isa = PBXFileReference; fileEncoding = 4; lastKnownFileType = sourcecode.c.h; name = GraphViewController.h; path = GraphView/GraphViewController.h; sourceTree = SOURCE_ROOT; };
		F2BFCAAB15AF4C6100A899C3 /* GraphViewController.m */ = {isa = PBXFileReference; fileEncoding = 4; lastKnownFileType = sourcecode.c.objc; name = GraphViewController.m; path = GraphView/GraphViewController.m; sourceTree = SOURCE_ROOT; };
/* End PBXFileReference section */

/* Begin PBXFrameworksBuildPhase section */
		F268F5D61586E62B002DE2C6 /* Frameworks */ = {
			isa = PBXFrameworksBuildPhase;
			buildActionMask = 2147483647;
			files = (
				F268F5DE1586E62B002DE2C6 /* UIKit.framework in Frameworks */,
				F268F5E01586E62B002DE2C6 /* Foundation.framework in Frameworks */,
				F268F5E21586E62B002DE2C6 /* CoreGraphics.framework in Frameworks */,
			);
			runOnlyForDeploymentPostprocessing = 0;
		};
/* End PBXFrameworksBuildPhase section */

/* Begin PBXGroup section */
		F268023015A608910068A665 /* CalculatorBrains */ = {
			isa = PBXGroup;
			children = (
				F268027915A60CA00068A665 /* CalculatorBrains.h */,
				F268027A15A60CA00068A665 /* CalculatorBrains.m */,
			);
			name = CalculatorBrains;
			sourceTree = "<group>";
		};
		F268F5CE1586E62B002DE2C6 = {
			isa = PBXGroup;
			children = (
				F2BFCAAD15AF4C7900A899C3 /* GraphView */,
				F268023015A608910068A665 /* CalculatorBrains */,
				F268F5E31586E62B002DE2C6 /* Calculator */,
				F268F5DC1586E62B002DE2C6 /* Frameworks */,
				F268F5DA1586E62B002DE2C6 /* Products */,
			);
			sourceTree = "<group>";
		};
		F268F5DA1586E62B002DE2C6 /* Products */ = {
			isa = PBXGroup;
			children = (
				F268F5D91586E62B002DE2C6 /* Calculator.app */,
			);
			name = Products;
			sourceTree = "<group>";
		};
		F268F5DC1586E62B002DE2C6 /* Frameworks */ = {
			isa = PBXGroup;
			children = (
				F268F5DD1586E62B002DE2C6 /* UIKit.framework */,
				F268F5DF1586E62B002DE2C6 /* Foundation.framework */,
				F268F5E11586E62B002DE2C6 /* CoreGraphics.framework */,
			);
			name = Frameworks;
			sourceTree = "<group>";
		};
		F268F5E31586E62B002DE2C6 /* Calculator */ = {
			isa = PBXGroup;
			children = (
				F268F5EC1586E62B002DE2C6 /* cs193AppDelegate.h */,
				F268F5ED1586E62B002DE2C6 /* cs193AppDelegate.m */,
				F268F5EF1586E62B002DE2C6 /* MainStoryboard.storyboard */,
				F268F5F21586E62B002DE2C6 /* cs193ViewController.h */,
				F268F5F31586E62C002DE2C6 /* cs193ViewController.m */,
				F268F5E41586E62B002DE2C6 /* Supporting Files */,
			);
			path = Calculator;
			sourceTree = "<group>";
		};
		F268F5E41586E62B002DE2C6 /* Supporting Files */ = {
			isa = PBXGroup;
			children = (
				F268F5E51586E62B002DE2C6 /* Calculator-Info.plist */,
				F268F5E61586E62B002DE2C6 /* InfoPlist.strings */,
				F268F5E91586E62B002DE2C6 /* main.m */,
				F268F5EB1586E62B002DE2C6 /* Calculator-Prefix.pch */,
			);
			name = "Supporting Files";
			sourceTree = "<group>";
		};
		F2BFCAAD15AF4C7900A899C3 /* GraphView */ = {
			isa = PBXGroup;
			children = (
				F2BFCAA615AF4C0D00A899C3 /* GraphView.h */,
				F2BFCAA715AF4C0D00A899C3 /* GraphView.m */,
				F2BFCAAA15AF4C6100A899C3 /* GraphViewController.h */,
				F2BFCAAB15AF4C6100A899C3 /* GraphViewController.m */,
			);
			name = GraphView;
			path = Calculator;
			sourceTree = "<group>";
		};
/* End PBXGroup section */

/* Begin PBXNativeTarget section */
		F268F5D81586E62B002DE2C6 /* Calculator */ = {
			isa = PBXNativeTarget;
			buildConfigurationList = F268F5F71586E62C002DE2C6 /* Build configuration list for PBXNativeTarget "Calculator" */;
			buildPhases = (
				F268F5D51586E62B002DE2C6 /* Sources */,
				F268F5D61586E62B002DE2C6 /* Frameworks */,
				F268F5D71586E62B002DE2C6 /* Resources */,
			);
			buildRules = (
			);
			dependencies = (
			);
			name = Calculator;
			productName = Calculator;
			productReference = F268F5D91586E62B002DE2C6 /* Calculator.app */;
			productType = "com.apple.product-type.application";
		};
/* End PBXNativeTarget section */

/* Begin PBXProject section */
		F268F5D01586E62B002DE2C6 /* Project object */ = {
			isa = PBXProject;
			attributes = {
				CLASSPREFIX = cs193;
				LastUpgradeCheck = 0430;
				ORGANIZATIONNAME = "628 Productions";
			};
			buildConfigurationList = F268F5D31586E62B002DE2C6 /* Build configuration list for PBXProject "Calculator" */;
			compatibilityVersion = "Xcode 3.2";
			developmentRegion = English;
			hasScannedForEncodings = 0;
			knownRegions = (
				en,
			);
			mainGroup = F268F5CE1586E62B002DE2C6;
			productRefGroup = F268F5DA1586E62B002DE2C6 /* Products */;
			projectDirPath = "";
			projectRoot = "";
			targets = (
				F268F5D81586E62B002DE2C6 /* Calculator */,
			);
		};
/* End PBXProject section */

/* Begin PBXResourcesBuildPhase section */
		F268F5D71586E62B002DE2C6 /* Resources */ = {
			isa = PBXResourcesBuildPhase;
			buildActionMask = 2147483647;
			files = (
				F268F5E81586E62B002DE2C6 /* InfoPlist.strings in Resources */,
				F268F5F11586E62B002DE2C6 /* MainStoryboard.storyboard in Resources */,
			);
			runOnlyForDeploymentPostprocessing = 0;
		};
/* End PBXResourcesBuildPhase section */

/* Begin PBXSourcesBuildPhase section */
		F268F5D51586E62B002DE2C6 /* Sources */ = {
			isa = PBXSourcesBuildPhase;
			buildActionMask = 2147483647;
			files = (
				F268F5EA1586E62B002DE2C6 /* main.m in Sources */,
				F268F5EE1586E62B002DE2C6 /* cs193AppDelegate.m in Sources */,
				F268F5F41586E62C002DE2C6 /* cs193ViewController.m in Sources */,
				F268027B15A60CA00068A665 /* CalculatorBrains.m in Sources */,
				F2BFCAA815AF4C0D00A899C3 /* GraphView.m in Sources */,
				F2BFCAAC15AF4C6100A899C3 /* GraphViewController.m in Sources */,
			);
			runOnlyForDeploymentPostprocessing = 0;
		};
/* End PBXSourcesBuildPhase section */

/* Begin PBXVariantGroup section */
		F268F5E61586E62B002DE2C6 /* InfoPlist.strings */ = {
			isa = PBXVariantGroup;
			children = (
				F268F5E71586E62B002DE2C6 /* en */,
			);
			name = InfoPlist.strings;
			sourceTree = "<group>";
		};
		F268F5EF1586E62B002DE2C6 /* MainStoryboard.storyboard */ = {
			isa = PBXVariantGroup;
			children = (
				F268F5F01586E62B002DE2C6 /* en */,
			);
			name = MainStoryboard.storyboard;
			sourceTree = "<group>";
		};
/* End PBXVariantGroup section */

/* Begin XCBuildConfiguration section */
		F268F5F51586E62C002DE2C6 /* Debug */ = {
			isa = XCBuildConfiguration;
			buildSettings = {
				ALWAYS_SEARCH_USER_PATHS = NO;
				ARCHS = "$(ARCHS_STANDARD_32_BIT)";
				CLANG_ENABLE_OBJC_ARC = YES;
				"CODE_SIGN_IDENTITY[sdk=iphoneos*]" = "iPhone Developer";
				COPY_PHASE_STRIP = NO;
				GCC_C_LANGUAGE_STANDARD = gnu99;
				GCC_DYNAMIC_NO_PIC = NO;
				GCC_OPTIMIZATION_LEVEL = 0;
				GCC_PREPROCESSOR_DEFINITIONS = (
					"DEBUG=1",
					"$(inherited)",
				);
				GCC_SYMBOLS_PRIVATE_EXTERN = NO;
				GCC_VERSION = com.apple.compilers.llvm.clang.1_0;
				GCC_WARN_ABOUT_RETURN_TYPE = YES;
				GCC_WARN_UNINITIALIZED_AUTOS = YES;
				GCC_WARN_UNUSED_VARIABLE = YES;
				IPHONEOS_DEPLOYMENT_TARGET = 5.1;
				SDKROOT = iphoneos;
			};
			name = Debug;
		};
		F268F5F61586E62C002DE2C6 /* Release */ = {
			isa = XCBuildConfiguration;
			buildSettings = {
				ALWAYS_SEARCH_USER_PATHS = NO;
				ARCHS = "$(ARCHS_STANDARD_32_BIT)";
				CLANG_ENABLE_OBJC_ARC = YES;
				"CODE_SIGN_IDENTITY[sdk=iphoneos*]" = "iPhone Developer";
				COPY_PHASE_STRIP = YES;
				GCC_C_LANGUAGE_STANDARD = gnu99;
				GCC_VERSION = com.apple.compilers.llvm.clang.1_0;
				GCC_WARN_ABOUT_RETURN_TYPE = YES;
				GCC_WARN_UNINITIALIZED_AUTOS = YES;
				GCC_WARN_UNUSED_VARIABLE = YES;
				IPHONEOS_DEPLOYMENT_TARGET = 5.1;
				OTHER_CFLAGS = "-DNS_BLOCK_ASSERTIONS=1";
				SDKROOT = iphoneos;
				VALIDATE_PRODUCT = YES;
			};
			name = Release;
		};
		F268F5F81586E62C002DE2C6 /* Debug */ = {
			isa = XCBuildConfiguration;
			buildSettings = {
				GCC_PRECOMPILE_PREFIX_HEADER = YES;
				GCC_PREFIX_HEADER = "Calculator/Calculator-Prefix.pch";
				INFOPLIST_FILE = "Calculator/Calculator-Info.plist";
				PRODUCT_NAME = "$(TARGET_NAME)";
				WRAPPER_EXTENSION = app;
			};
			name = Debug;
		};
		F268F5F91586E62C002DE2C6 /* Release */ = {
			isa = XCBuildConfiguration;
			buildSettings = {
				GCC_PRECOMPILE_PREFIX_HEADER = YES;
				GCC_PREFIX_HEADER = "Calculator/Calculator-Prefix.pch";
				INFOPLIST_FILE = "Calculator/Calculator-Info.plist";
				PRODUCT_NAME = "$(TARGET_NAME)";
				WRAPPER_EXTENSION = app;
			};
			name = Release;
		};
/* End XCBuildConfiguration section */

/* Begin XCConfigurationList section */
		F268F5D31586E62B002DE2C6 /* Build configuration list for PBXProject "Calculator" */ = {
			isa = XCConfigurationList;
			buildConfigurations = (
				F268F5F51586E62C002DE2C6 /* Debug */,
				F268F5F61586E62C002DE2C6 /* Release */,
			);
			defaultConfigurationIsVisible = 0;
			defaultConfigurationName = Release;
		};
		F268F5F71586E62C002DE2C6 /* Build configuration list for PBXNativeTarget "Calculator" */ = {
			isa = XCConfigurationList;
			buildConfigurations = (
				F268F5F81586E62C002DE2C6 /* Debug */,
				F268F5F91586E62C002DE2C6 /* Release */,
			);
			defaultConfigurationIsVisible = 0;
			defaultConfigurationName = Release;
		};
/* End XCConfigurationList section */
	};
	rootObject = F268F5D01586E62B002DE2C6 /* Project object */;
}
