// !$*UTF8*$!
{
	archiveVersion = 1;
	classes = {
	};
	objectVersion = 46;
	objects = {

/* Begin PBXBuildFile section */
		F268024415A609EC0068A665 /* UIKit.framework in Frameworks */ = {isa = PBXBuildFile; fileRef = F268024315A609EC0068A665 /* UIKit.framework */; };
		F268024615A609EC0068A665 /* Foundation.framework in Frameworks */ = {isa = PBXBuildFile; fileRef = F268024515A609EC0068A665 /* Foundation.framework */; };
		F268024815A609EC0068A665 /* CoreGraphics.framework in Frameworks */ = {isa = PBXBuildFile; fileRef = F268024715A609EC0068A665 /* CoreGraphics.framework */; };
		F268024E15A609EC0068A665 /* InfoPlist.strings in Resources */ = {isa = PBXBuildFile; fileRef = F268024C15A609EC0068A665 /* InfoPlist.strings */; };
		F268025015A609EC0068A665 /* main.m in Sources */ = {isa = PBXBuildFile; fileRef = F268024F15A609EC0068A665 /* main.m */; };
		F268025415A609EC0068A665 /* cs193AppDelegate.m in Sources */ = {isa = PBXBuildFile; fileRef = F268025315A609EC0068A665 /* cs193AppDelegate.m */; };
		F268025715A609EC0068A665 /* MainStoryboard.storyboard in Resources */ = {isa = PBXBuildFile; fileRef = F268025515A609EC0068A665 /* MainStoryboard.storyboard */; };
		F268025A15A609EC0068A665 /* cs193ViewController.m in Sources */ = {isa = PBXBuildFile; fileRef = F268025915A609EC0068A665 /* cs193ViewController.m */; };
/* End PBXBuildFile section */

/* Begin PBXFileReference section */
		F268023F15A609EC0068A665 /* CalculatorFormula.app */ = {isa = PBXFileReference; explicitFileType = wrapper.application; includeInIndex = 0; path = CalculatorFormula.app; sourceTree = BUILT_PRODUCTS_DIR; };
		F268024315A609EC0068A665 /* UIKit.framework */ = {isa = PBXFileReference; lastKnownFileType = wrapper.framework; name = UIKit.framework; path = System/Library/Frameworks/UIKit.framework; sourceTree = SDKROOT; };
		F268024515A609EC0068A665 /* Foundation.framework */ = {isa = PBXFileReference; lastKnownFileType = wrapper.framework; name = Foundation.framework; path = System/Library/Frameworks/Foundation.framework; sourceTree = SDKROOT; };
		F268024715A609EC0068A665 /* CoreGraphics.framework */ = {isa = PBXFileReference; lastKnownFileType = wrapper.framework; name = CoreGraphics.framework; path = System/Library/Frameworks/CoreGraphics.framework; sourceTree = SDKROOT; };
		F268024B15A609EC0068A665 /* CalculatorFormula-Info.plist */ = {isa = PBXFileReference; path = "CalculatorFormula-Info.plist"; sourceTree = "<group>"; };
		F268024D15A609EC0068A665 /* en */ = {isa = PBXFileReference; lastKnownFileType = text.plist.strings; name = en; path = en.lproj/InfoPlist.strings; sourceTree = "<group>"; };
		F268024F15A609EC0068A665 /* main.m */ = {isa = PBXFileReference; lastKnownFileType = sourcecode.c.objc; path = main.m; sourceTree = "<group>"; };
		F268025115A609EC0068A665 /* CalculatorFormula-Prefix.pch */ = {isa = PBXFileReference; path = "CalculatorFormula-Prefix.pch"; sourceTree = "<group>"; };
		F268025215A609EC0068A665 /* cs193AppDelegate.h */ = {isa = PBXFileReference; path = cs193AppDelegate.h; sourceTree = "<group>"; };
		F268025315A609EC0068A665 /* cs193AppDelegate.m */ = {isa = PBXFileReference; lastKnownFileType = sourcecode.c.objc; path = cs193AppDelegate.m; sourceTree = "<group>"; };
		F268025615A609EC0068A665 /* en */ = {isa = PBXFileReference; lastKnownFileType = file.storyboard; name = en; path = en.lproj/MainStoryboard.storyboard; sourceTree = "<group>"; };
		F268025815A609EC0068A665 /* cs193ViewController.h */ = {isa = PBXFileReference; path = cs193ViewController.h; sourceTree = "<group>"; };
		F268025915A609EC0068A665 /* cs193ViewController.m */ = {isa = PBXFileReference; lastKnownFileType = sourcecode.c.objc; path = cs193ViewController.m; sourceTree = "<group>"; };
/* End PBXFileReference section */

/* Begin PBXFrameworksBuildPhase section */
		F268023C15A609EC0068A665 /* Frameworks */ = {
			isa = PBXFrameworksBuildPhase;
			buildActionMask = 2147483647;
			files = (
				F268024415A609EC0068A665 /* UIKit.framework in Frameworks */,
				F268024615A609EC0068A665 /* Foundation.framework in Frameworks */,
				F268024815A609EC0068A665 /* CoreGraphics.framework in Frameworks */,
			);
			runOnlyForDeploymentPostprocessing = 0;
		};
/* End PBXFrameworksBuildPhase section */

/* Begin PBXGroup section */
		F268023415A609EC0068A665 = {
			isa = PBXGroup;
			children = (
				F268024915A609EC0068A665 /* CalculatorFormula */,
				F268024215A609EC0068A665 /* Frameworks */,
				F268024015A609EC0068A665 /* Products */,
			);
			sourceTree = "<group>";
		};
		F268024015A609EC0068A665 /* Products */ = {
			isa = PBXGroup;
			children = (
				F268023F15A609EC0068A665 /* CalculatorFormula.app */,
			);
			name = Products;
			sourceTree = "<group>";
		};
		F268024215A609EC0068A665 /* Frameworks */ = {
			isa = PBXGroup;
			children = (
				F268024315A609EC0068A665 /* UIKit.framework */,
				F268024515A609EC0068A665 /* Foundation.framework */,
				F268024715A609EC0068A665 /* CoreGraphics.framework */,
			);
			name = Frameworks;
			sourceTree = "<group>";
		};
		F268024915A609EC0068A665 /* CalculatorFormula */ = {
			isa = PBXGroup;
			children = (
				F268025215A609EC0068A665 /* cs193AppDelegate.h */,
				F268025315A609EC0068A665 /* cs193AppDelegate.m */,
				F268025515A609EC0068A665 /* MainStoryboard.storyboard */,
				F268025815A609EC0068A665 /* cs193ViewController.h */,
				F268025915A609EC0068A665 /* cs193ViewController.m */,
				F268024A15A609EC0068A665 /* Supporting Files */,
			);
			path = CalculatorFormula;
			sourceTree = "<group>";
		};
		F268024A15A609EC0068A665 /* Supporting Files */ = {
			isa = PBXGroup;
			children = (
				F268024B15A609EC0068A665 /* CalculatorFormula-Info.plist */,
				F268024C15A609EC0068A665 /* InfoPlist.strings */,
				F268024F15A609EC0068A665 /* main.m */,
				F268025115A609EC0068A665 /* CalculatorFormula-Prefix.pch */,
			);
			name = "Supporting Files";
			sourceTree = "<group>";
		};
/* End PBXGroup section */

/* Begin PBXNativeTarget section */
		F268023E15A609EC0068A665 /* CalculatorFormula */ = {
			isa = PBXNativeTarget;
			buildConfigurationList = F268025D15A609EC0068A665 /* Build configuration list for PBXNativeTarget "CalculatorFormula" */;
			buildPhases = (
				F268023B15A609EC0068A665 /* Sources */,
				F268023C15A609EC0068A665 /* Frameworks */,
				F268023D15A609EC0068A665 /* Resources */,
			);
			buildRules = (
			);
			dependencies = (
			);
			name = CalculatorFormula;
			productName = CalculatorFormula;
			productReference = F268023F15A609EC0068A665 /* CalculatorFormula.app */;
			productType = "com.apple.product-type.application";
		};
/* End PBXNativeTarget section */

/* Begin PBXProject section */
		F268023615A609EC0068A665 /* Project object */ = {
			isa = PBXProject;
			attributes = {
				CLASSPREFIX = cs193;
				LastUpgradeCheck = 0430;
				ORGANIZATIONNAME = "628 Productions";
			};
			buildConfigurationList = F268023915A609EC0068A665 /* Build configuration list for PBXProject "CalculatorFormula" */;
			compatibilityVersion = "Xcode 3.2";
			developmentRegion = English;
			hasScannedForEncodings = 0;
			knownRegions = (
				en,
			);
			mainGroup = F268023415A609EC0068A665;
			productRefGroup = F268024015A609EC0068A665 /* Products */;
			projectDirPath = "";
			projectRoot = "";
			targets = (
				F268023E15A609EC0068A665 /* CalculatorFormula */,
			);
		};
/* End PBXProject section */

/* Begin PBXResourcesBuildPhase section */
		F268023D15A609EC0068A665 /* Resources */ = {
			isa = PBXResourcesBuildPhase;
			buildActionMask = 2147483647;
			files = (
				F268024E15A609EC0068A665 /* InfoPlist.strings in Resources */,
				F268025715A609EC0068A665 /* MainStoryboard.storyboard in Resources */,
			);
			runOnlyForDeploymentPostprocessing = 0;
		};
/* End PBXResourcesBuildPhase section */

/* Begin PBXSourcesBuildPhase section */
		F268023B15A609EC0068A665 /* Sources */ = {
			isa = PBXSourcesBuildPhase;
			buildActionMask = 2147483647;
			files = (
				F268025015A609EC0068A665 /* main.m in Sources */,
				F268025415A609EC0068A665 /* cs193AppDelegate.m in Sources */,
				F268025A15A609EC0068A665 /* cs193ViewController.m in Sources */,
			);
			runOnlyForDeploymentPostprocessing = 0;
		};
/* End PBXSourcesBuildPhase section */

/* Begin PBXVariantGroup section */
		F268024C15A609EC0068A665 /* InfoPlist.strings */ = {
			isa = PBXVariantGroup;
			children = (
				F268024D15A609EC0068A665 /* en */,
			);
			name = InfoPlist.strings;
			sourceTree = "<group>";
		};
		F268025515A609EC0068A665 /* MainStoryboard.storyboard */ = {
			isa = PBXVariantGroup;
			children = (
				F268025615A609EC0068A665 /* en */,
			);
			name = MainStoryboard.storyboard;
			sourceTree = "<group>";
		};
/* End PBXVariantGroup section */

/* Begin XCBuildConfiguration section */
		F268025B15A609EC0068A665 /* Debug */ = {
			isa = XCBuildConfiguration;
			buildSettings = {
				ALWAYS_SEARCH_USER_PATHS = NO;
				ARCHS = "$(ARCHS_STANDARD_32_BIT)";
				CLANG_ENABLE_OBJC_ARC = YES;
				"CODE_SIGN_IDENTITY[sdk=iphoneos*]" = "iPhone Developer";
				COPY_PHASE_STRIP = NO;
				GCC_C_LANGUAGE_STANDARD = gnu99;
				GCC_DYNAMIC_NO_PIC = NO;
				GCC_OPTIMIZATION_LEVEL = 0;
				GCC_PREPROCESSOR_DEFINITIONS = (
					"DEBUG=1",
					"$(inherited)",
				);
				GCC_SYMBOLS_PRIVATE_EXTERN = NO;
				GCC_VERSION = com.apple.compilers.llvm.clang.1_0;
				GCC_WARN_ABOUT_RETURN_TYPE = YES;
				GCC_WARN_UNINITIALIZED_AUTOS = YES;
				GCC_WARN_UNUSED_VARIABLE = YES;
				IPHONEOS_DEPLOYMENT_TARGET = 5.1;
				SDKROOT = iphoneos;
			};
			name = Debug;
		};
		F268025C15A609EC0068A665 /* Release */ = {
			isa = XCBuildConfiguration;
			buildSettings = {
				ALWAYS_SEARCH_USER_PATHS = NO;
				ARCHS = "$(ARCHS_STANDARD_32_BIT)";
				CLANG_ENABLE_OBJC_ARC = YES;
				"CODE_SIGN_IDENTITY[sdk=iphoneos*]" = "iPhone Developer";
				COPY_PHASE_STRIP = YES;
				GCC_C_LANGUAGE_STANDARD = gnu99;
				GCC_VERSION = com.apple.compilers.llvm.clang.1_0;
				GCC_WARN_ABOUT_RETURN_TYPE = YES;
				GCC_WARN_UNINITIALIZED_AUTOS = YES;
				GCC_WARN_UNUSED_VARIABLE = YES;
				IPHONEOS_DEPLOYMENT_TARGET = 5.1;
				OTHER_CFLAGS = "-DNS_BLOCK_ASSERTIONS=1";
				SDKROOT = iphoneos;
				VALIDATE_PRODUCT = YES;
			};
			name = Release;
		};
		F268025E15A609EC0068A665 /* Debug */ = {
			isa = XCBuildConfiguration;
			buildSettings = {
				GCC_PRECOMPILE_PREFIX_HEADER = YES;
				GCC_PREFIX_HEADER = "CalculatorFormula/CalculatorFormula-Prefix.pch";
				INFOPLIST_FILE = "CalculatorFormula/CalculatorFormula-Info.plist";
				PRODUCT_NAME = "$(TARGET_NAME)";
				WRAPPER_EXTENSION = app;
			};
			name = Debug;
		};
		F268025F15A609EC0068A665 /* Release */ = {
			isa = XCBuildConfiguration;
			buildSettings = {
				GCC_PRECOMPILE_PREFIX_HEADER = YES;
				GCC_PREFIX_HEADER = "CalculatorFormula/CalculatorFormula-Prefix.pch";
				INFOPLIST_FILE = "CalculatorFormula/CalculatorFormula-Info.plist";
				PRODUCT_NAME = "$(TARGET_NAME)";
				WRAPPER_EXTENSION = app;
			};
			name = Release;
		};
/* End XCBuildConfiguration section */

/* Begin XCConfigurationList section */
		F268023915A609EC0068A665 /* Build configuration list for PBXProject "CalculatorFormula" */ = {
			isa = XCConfigurationList;
			buildConfigurations = (
				F268025B15A609EC0068A665 /* Debug */,
				F268025C15A609EC0068A665 /* Release */,
			);
			defaultConfigurationIsVisible = 0;
			defaultConfigurationName = Release;
		};
		F268025D15A609EC0068A665 /* Build configuration list for PBXNativeTarget "CalculatorFormula" */ = {
			isa = XCConfigurationList;
			buildConfigurations = (
				F268025E15A609EC0068A665 /* Debug */,
				F268025F15A609EC0068A665 /* Release */,
			);
			defaultConfigurationIsVisible = 0;
		};
/* End XCConfigurationList section */
	};
	rootObject = F268023615A609EC0068A665 /* Project object */;
}
